# This is a Gradle generated file for dependency locking.
# Manual edits can break the build and are not advised.
# This file is expected to be part of source control.
com.ethlo.time:itu:1.14.0=testCompileClasspath,testRuntimeClasspath
com.fasterxml.jackson.core:jackson-annotations:2.21=testCompileClasspath,testRuntimeClasspath
com.networknt:json-schema-validator:3.0.6=testCompileClasspath,testRuntimeClasspath
com.typesafe:config:1.4.5=compileClasspath,runtimeClasspath,testCompileClasspath,testRuntimeClasspath
io.github.java-diff-utils:java-diff-utils:4.12=kotlinInternalAbiValidation
io.github.oshai:kotlin-logging-jvm:8.0.4=runtimeClasspath,testRuntimeClasspath
io.github.oshai:kotlin-logging:8.0.4=runtimeClasspath,testRuntimeClasspath
io.ktor:ktor-client-apache5-jvm:3.4.3=testCompileClasspath,testRuntimeClasspath
io.ktor:ktor-client-apache5:3.4.3=testCompileClasspath,testRuntimeClasspath
io.ktor:ktor-client-cio-jvm:3.4.3=testCompileClasspath,testRuntimeClasspath
io.ktor:ktor-client-cio:3.4.3=testCompileClasspath,testRuntimeClasspath
io.ktor:ktor-client-content-negotiation-jvm:3.4.3=testCompileClasspath,testRuntimeClasspath
io.ktor:ktor-client-content-negotiation:3.4.3=testCompileClasspath,testRuntimeClasspath
io.ktor:ktor-client-core-jvm:3.4.3=compileClasspath,runtimeClasspath,testCompileClasspath,testRuntimeClasspath
io.ktor:ktor-client-core:3.4.3=compileClasspath,runtimeClasspath,testCompileClasspath,testRuntimeClasspath
io.ktor:ktor-events-jvm:3.4.3=compileClasspath,runtimeClasspath,testCompileClasspath,testRuntimeClasspath
io.ktor:ktor-events:3.4.3=compileClasspath,runtimeClasspath,testCompileClasspath,testRuntimeClasspath
io.ktor:ktor-http-cio-jvm:3.4.3=compileClasspath,runtimeClasspath,testCompileClasspath,testRuntimeClasspath
io.ktor:ktor-http-cio:3.4.3=compileClasspath,runtimeClasspath,testCompileClasspath,testRuntimeClasspath
io.ktor:ktor-http-jvm:3.4.3=compileClasspath,runtimeClasspath,testCompileClasspath,testRuntimeClasspath
io.ktor:ktor-http:3.4.3=compileClasspath,runtimeClasspath,testCompileClasspath,testRuntimeClasspath
io.ktor:ktor-io-jvm:3.4.3=compileClasspath,runtimeClasspath,testCompileClasspath,testRuntimeClasspath
io.ktor:ktor-io:3.4.3=compileClasspath,runtimeClasspath,testCompileClasspath,testRuntimeClasspath
io.ktor:ktor-network-jvm:3.4.3=compileClasspath,runtimeClasspath,testCompileClasspath,testRuntimeClasspath
io.ktor:ktor-network-tls-certificates-jvm:3.4.3=testCompileClasspath,testRuntimeClasspath
io.ktor:ktor-network-tls-certificates:3.4.3=testCompileClasspath,testRuntimeClasspath
io.ktor:ktor-network-tls-jvm:3.4.3=testCompileClasspath,testRuntimeClasspath
io.ktor:ktor-network-tls:3.4.3=testCompileClasspath,testRuntimeClasspath
io.ktor:ktor-network:3.4.3=compileClasspath,runtimeClasspath,testCompileClasspath,testRuntimeClasspath
io.ktor:ktor-serialization-jvm:3.4.3=compileClasspath,runtimeClasspath,testCompileClasspath,testRuntimeClasspath
io.ktor:ktor-serialization-kotlinx-json-jvm:3.4.3=compileClasspath,runtimeClasspath,testCompileClasspath,testRuntimeClasspath
io.ktor:ktor-serialization-kotlinx-json:3.4.3=compileClasspath,runtimeClasspath,testCompileClasspath,testRuntimeClasspath
io.ktor:ktor-serialization-kotlinx-jvm:3.4.3=compileClasspath,runtimeClasspath,testCompileClasspath,testRuntimeClasspath
io.ktor:ktor-serialization-kotlinx:3.4.3=compileClasspath,runtimeClasspath,testCompileClasspath,testRuntimeClasspath
io.ktor:ktor-serialization:3.4.3=compileClasspath,runtimeClasspath,testCompileClasspath,testRuntimeClasspath
io.ktor:ktor-server-call-logging-jvm:3.4.3=testCompileClasspath,testRuntimeClasspath
io.ktor:ktor-server-call-logging:3.4.3=testCompileClasspath,testRuntimeClasspath
io.ktor:ktor-server-cio-jvm:3.4.3=compileClasspath,runtimeClasspath,testCompileClasspath,testRuntimeClasspath
io.ktor:ktor-server-cio:3.4.3=compileClasspath,runtimeClasspath,testCompileClasspath,testRuntimeClasspath
io.ktor:ktor-server-content-negotiation-jvm:3.4.3=compileClasspath,runtimeClasspath,testCompileClasspath,testRuntimeClasspath
io.ktor:ktor-server-content-negotiation:3.4.3=compileClasspath,runtimeClasspath,testCompileClasspath,testRuntimeClasspath
io.ktor:ktor-server-core-jvm:3.4.3=compileClasspath,runtimeClasspath,testCompileClasspath,testRuntimeClasspath
io.ktor:ktor-server-core:3.4.3=compileClasspath,runtimeClasspath,testCompileClasspath,testRuntimeClasspath
io.ktor:ktor-server-cors-jvm:3.4.3=compileClasspath,runtimeClasspath,testCompileClasspath,testRuntimeClasspath
io.ktor:ktor-server-cors:3.4.3=compileClasspath,runtimeClasspath,testCompileClasspath,testRuntimeClasspath
io.ktor:ktor-server-sse-jvm:3.4.3=compileClasspath,runtimeClasspath,testCompileClasspath,testRuntimeClasspath
io.ktor:ktor-server-sse:3.4.3=compileClasspath,runtimeClasspath,testCompileClasspath,testRuntimeClasspath
io.ktor:ktor-server-test-host-jvm:3.4.3=testCompileClasspath,testRuntimeClasspath
io.ktor:ktor-server-test-host:3.4.3=testCompileClasspath,testRuntimeClasspath
io.ktor:ktor-server-websockets-jvm:3.4.3=runtimeClasspath,testCompileClasspath,testRuntimeClasspath
io.ktor:ktor-server-websockets:3.4.3=runtimeClasspath,testCompileClasspath,testRuntimeClasspath
io.ktor:ktor-sse-jvm:3.4.3=compileClasspath,runtimeClasspath,testCompileClasspath,testRuntimeClasspath
io.ktor:ktor-sse:3.4.3=compileClasspath,runtimeClasspath,testCompileClasspath,testRuntimeClasspath
io.ktor:ktor-test-dispatcher-jvm:3.4.3=testCompileClasspath,testRuntimeClasspath
io.ktor:ktor-test-dispatcher:3.4.3=testCompileClasspath,testRuntimeClasspath
io.ktor:ktor-utils-jvm:3.4.3=compileClasspath,runtimeClasspath,testCompileClasspath,testRuntimeClasspath
io.ktor:ktor-utils:3.4.3=compileClasspath,runtimeClasspath,testCompileClasspath,testRuntimeClasspath
io.ktor:ktor-websocket-serialization-jvm:3.4.3=compileClasspath,runtimeClasspath,testCompileClasspath,testRuntimeClasspath
io.ktor:ktor-websocket-serialization:3.4.3=compileClasspath,runtimeClasspath,testCompileClasspath,testRuntimeClasspath
io.ktor:ktor-websockets-jvm:3.4.3=compileClasspath,runtimeClasspath,testCompileClasspath,testRuntimeClasspath
io.ktor:ktor-websockets:3.4.3=compileClasspath,runtimeClasspath,testCompileClasspath,testRuntimeClasspath
io.mockk:mockk-agent-api-jvm:1.14.6=testCompileClasspath,testRuntimeClasspath
io.mockk:mockk-agent-api:1.14.6=testCompileClasspath,testRuntimeClasspath
io.mockk:mockk-agent-jvm:1.14.6=testCompileClasspath,testRuntimeClasspath
io.mockk:mockk-agent:1.14.6=testCompileClasspath,testRuntimeClasspath
io.mockk:mockk-core-jvm:1.14.6=testCompileClasspath,testRuntimeClasspath
io.mockk:mockk-core:1.14.6=testCompileClasspath,testRuntimeClasspath
io.mockk:mockk-dsl-jvm:1.14.6=testCompileClasspath,testRuntimeClasspath
io.mockk:mockk-dsl:1.14.6=testCompileClasspath,testRuntimeClasspath
io.mockk:mockk-jvm:1.14.6=testCompileClasspath,testRuntimeClasspath
io.mockk:mockk:1.14.6=testCompileClasspath,testRuntimeClasspath
io.modelcontextprotocol:kotlin-sdk-client-jvm:0.14.0=compileClasspath,runtimeClasspath,testCompileClasspath,testRuntimeClasspath
io.modelcontextprotocol:kotlin-sdk-client:0.14.0=compileClasspath,runtimeClasspath,testCompileClasspath,testRuntimeClasspath
io.modelcontextprotocol:kotlin-sdk-core-jvm:0.14.0=compileClasspath,runtimeClasspath,testCompileClasspath,testRuntimeClasspath
io.modelcontextprotocol:kotlin-sdk-core:0.14.0=compileClasspath,runtimeClasspath,testCompileClasspath,testRuntimeClasspath
io.modelcontextprotocol:kotlin-sdk-jvm:0.14.0=compileClasspath,runtimeClasspath,testCompileClasspath,testRuntimeClasspath
io.modelcontextprotocol:kotlin-sdk-server-jvm:0.14.0=compileClasspath,runtimeClasspath,testCompileClasspath,testRuntimeClasspath
io.modelcontextprotocol:kotlin-sdk-server:0.14.0=compileClasspath,runtimeClasspath,testCompileClasspath,testRuntimeClasspath
io.modelcontextprotocol:kotlin-sdk:0.14.0=compileClasspath,runtimeClasspath,testCompileClasspath,testRuntimeClasspath
junit:junit:4.13.2=testRuntimeClasspath
net.bytebuddy:byte-buddy-agent:1.15.11=testCompileClasspath
net.bytebuddy:byte-buddy-agent:1.17.6=byteBuddyAgent,testRuntimeClasspath
net.bytebuddy:byte-buddy:1.15.11=testCompileClasspath
net.bytebuddy:byte-buddy:1.17.6=testRuntimeClasspath
net.java.dev.jna:jna-platform:5.9.0=testRuntimeClasspath
net.java.dev.jna:jna:5.9.0=testRuntimeClasspath
net.portswigger.burp.extensions:montoya-api:2026.7=compileClasspath,testCompileClasspath,testRuntimeClasspath
org.apache.httpcomponents.client5:httpclient5:5.5.1=testCompileClasspath,testRuntimeClasspath
org.apache.httpcomponents.core5:httpcore5-h2:5.3.6=testCompileClasspath,testRuntimeClasspath
org.apache.httpcomponents.core5:httpcore5:5.3.6=testCompileClasspath,testRuntimeClasspath
org.apiguardian:apiguardian-api:1.1.2=testCompileClasspath
org.fusesource.jansi:jansi:2.4.2=runtimeClasspath,testRuntimeClasspath
org.hamcrest:hamcrest-core:1.3=testRuntimeClasspath
org.jetbrains.kotlin:abi-tools-api:2.3.21=kotlinInternalAbiValidation
org.jetbrains.kotlin:abi-tools:2.3.21=kotlinInternalAbiValidation
org.jetbrains.kotlin:kotlin-build-tools-api:2.3.21=kotlinBuildToolsApiClasspath,kotlinCompilerClasspath
org.jetbrains.kotlin:kotlin-build-tools-compat:2.3.21=kotlinBuildToolsApiClasspath,kotlinCompilerClasspath
org.jetbrains.kotlin:kotlin-build-tools-cri-impl:2.3.21=kotlinBuildToolsApiClasspath,kotlinCompilerClasspath
org.jetbrains.kotlin:kotlin-build-tools-impl:2.3.21=kotlinBuildToolsApiClasspath,kotlinCompilerClasspath
org.jetbrains.kotlin:kotlin-compiler-embeddable:2.3.21=kotlinBuildToolsApiClasspath,kotlinCompilerClasspath,kotlinKlibCommonizerClasspath
org.jetbrains.kotlin:kotlin-compiler-runner:2.3.21=kotlinBuildToolsApiClasspath,kotlinCompilerClasspath
org.jetbrains.kotlin:kotlin-daemon-client:2.3.21=kotlinBuildToolsApiClasspath,kotlinCompilerClasspath
org.jetbrains.kotlin:kotlin-daemon-embeddable:2.3.21=kotlinBuildToolsApiClasspath,kotlinCompilerClasspath,kotlinKlibCommonizerClasspath
org.jetbrains.kotlin:kotlin-klib-abi-reader:2.3.21=kotlinInternalAbiValidation
org.jetbrains.kotlin:kotlin-klib-commonizer-embeddable:2.3.21=kotlinKlibCommonizerClasspath
org.jetbrains.kotlin:kotlin-metadata-jvm:2.3.21=kotlinInternalAbiValidation
org.jetbrains.kotlin:kotlin-reflect:1.6.10=kotlinBuildToolsApiClasspath,kotlinCompilerClasspath,kotlinKlibCommonizerClasspath
org.jetbrains.kotlin:kotlin-reflect:2.3.0=compileClasspath,runtimeClasspath,testCompileClasspath,testRuntimeClasspath
org.jetbrains.kotlin:kotlin-script-runtime:2.3.21=kotlinBuildToolsApiClasspath,kotlinCompilerClasspath,kotlinCompilerPluginClasspathMain,kotlinCompilerPluginClasspathTest,kotlinKlibCommonizerClasspath
org.jetbrains.kotlin:kotlin-scripting-common:2.3.21=kotlinCompilerPluginClasspathMain,kotlinCompilerPluginClasspathTest
org.jetbrains.kotlin:kotlin-scripting-compiler-embeddable:2.3.21=kotlinCompilerPluginClasspathMain,kotlinCompilerPluginClasspathTest
org.jetbrains.kotlin:kotlin-scripting-compiler-impl-embeddable:2.3.21=kotlinCompilerPluginClasspathMain,kotlinCompilerPluginClasspathTest
org.jetbrains.kotlin:kotlin-scripting-jvm:2.3.21=kotlinCompilerPluginClasspathMain,kotlinCompilerPluginClasspathTest
org.jetbrains.kotlin:kotlin-serialization-compiler-plugin-embeddable:2.3.21=kotlinCompilerPluginClasspathMain,kotlinCompilerPluginClasspathTest
org.jetbrains.kotlin:kotlin-stdlib:2.3.21=compileClasspath,kotlinBuildToolsApiClasspath,kotlinCompilerClasspath,kotlinCompilerPluginClasspathMain,kotlinCompilerPluginClasspathTest,kotlinInternalAbiValidation,kotlinKlibCommonizerClasspath,runtimeClasspath,testCompileClasspath,testRuntimeClasspath
org.jetbrains.kotlin:kotlin-test-junit5:2.3.21=testCompileClasspath,testRuntimeClasspath
org.jetbrains.kotlin:kotlin-test:2.3.21=testCompileClasspath,testRuntimeClasspath
org.jetbrains.kotlin:kotlin-tooling-core:2.3.21=kotlinBuildToolsApiClasspath,kotlinCompilerClasspath
org.jetbrains.kotlinx:kotlinx-collections-immutable-jvm:0.5.0=compileClasspath,runtimeClasspath,testCompileClasspath,testRuntimeClasspath
org.jetbrains.kotlinx:kotlinx-collections-immutable:0.5.0=compileClasspath,runtimeClasspath,testCompileClasspath,testRuntimeClasspath
org.jetbrains.kotlinx:kotlinx-coroutines-bom:1.11.0=compileClasspath,runtimeClasspath,testCompileClasspath,testRuntimeClasspath
org.jetbrains.kotlinx:kotlinx-coroutines-core-jvm:1.11.0=compileClasspath,runtimeClasspath,testCompileClasspath,testRuntimeClasspath
org.jetbrains.kotlinx:kotlinx-coroutines-core-jvm:1.8.0=kotlinBuildToolsApiClasspath,kotlinCompilerClasspath,kotlinKlibCommonizerClasspath
org.jetbrains.kotlinx:kotlinx-coroutines-core:1.11.0=compileClasspath,runtimeClasspath,testCompileClasspath,testRuntimeClasspath
org.jetbrains.kotlinx:kotlinx-coroutines-debug:1.11.0=testRuntimeClasspath
org.jetbrains.kotlinx:kotlinx-coroutines-slf4j:1.11.0=runtimeClasspath,testRuntimeClasspath
org.jetbrains.kotlinx:kotlinx-coroutines-test-jvm:1.11.0=testCompileClasspath,testRuntimeClasspath
org.jetbrains.kotlinx:kotlinx-coroutines-test:1.11.0=testCompileClasspath,testRuntimeClasspath
org.jetbrains.kotlinx:kotlinx-io-bytestring-jvm:0.9.1=compileClasspath,runtimeClasspath,testCompileClasspath,testRuntimeClasspath
org.jetbrains.kotlinx:kotlinx-io-bytestring:0.9.1=compileClasspath,runtimeClasspath,testCompileClasspath,testRuntimeClasspath
org.jetbrains.kotlinx:kotlinx-io-core-jvm:0.9.1=compileClasspath,runtimeClasspath,testCompileClasspath,testRuntimeClasspath
org.jetbrains.kotlinx:kotlinx-io-core:0.9.1=compileClasspath,runtimeClasspath,testCompileClasspath,testRuntimeClasspath
org.jetbrains.kotlinx:kotlinx-serialization-bom:1.11.0=compileClasspath,runtimeClasspath,testCompileClasspath,testRuntimeClasspath
org.jetbrains.kotlinx:kotlinx-serialization-core-jvm:1.11.0=compileClasspath,runtimeClasspath,testCompileClasspath,testRuntimeClasspath
org.jetbrains.kotlinx:kotlinx-serialization-core:1.11.0=compileClasspath,runtimeClasspath,testCompileClasspath,testRuntimeClasspath
org.jetbrains.kotlinx:kotlinx-serialization-json-io-jvm:1.11.0=compileClasspath,runtimeClasspath,testCompileClasspath,testRuntimeClasspath
org.jetbrains.kotlinx:kotlinx-serialization-json-io:1.11.0=compileClasspath,runtimeClasspath,testCompileClasspath,testRuntimeClasspath
org.jetbrains.kotlinx:kotlinx-serialization-json-jvm:1.11.0=compileClasspath,runtimeClasspath,testCompileClasspath,testRuntimeClasspath
org.jetbrains.kotlinx:kotlinx-serialization-json:1.11.0=compileClasspath,runtimeClasspath,testCompileClasspath,testRuntimeClasspath
org.jetbrains:annotations:13.0=kotlinBuildToolsApiClasspath,kotlinCompilerClasspath,kotlinCompilerPluginClasspathMain,kotlinCompilerPluginClasspathTest,kotlinInternalAbiValidation,kotlinKlibCommonizerClasspath
org.jetbrains:annotations:23.0.0=compileClasspath,runtimeClasspath,testCompileClasspath,testRuntimeClasspath
org.junit.jupiter:junit-jupiter-api:5.10.1=testCompileClasspath
org.junit.jupiter:junit-jupiter-api:5.12.2=testRuntimeClasspath
org.junit.jupiter:junit-jupiter-engine:5.12.2=testRuntimeClasspath
org.junit.jupiter:junit-jupiter-params:5.12.2=testRuntimeClasspath
org.junit.jupiter:junit-jupiter:5.12.2=testRuntimeClasspath
org.junit.platform:junit-platform-commons:1.10.1=testCompileClasspath
org.junit.platform:junit-platform-commons:1.12.2=testRuntimeClasspath
org.junit.platform:junit-platform-engine:1.12.2=testRuntimeClasspath
org.junit.platform:junit-platform-launcher:1.12.2=testRuntimeClasspath
org.junit:junit-bom:5.10.1=testCompileClasspath
org.junit:junit-bom:5.12.2=testRuntimeClasspath
org.objenesis:objenesis:3.3=testCompileClasspath,testRuntimeClasspath
org.opentest4j:opentest4j:1.3.0=testCompileClasspath,testRuntimeClasspath
org.slf4j:slf4j-api:2.0.17=compileClasspath,runtimeClasspath,testCompileClasspath,testRuntimeClasspath
org.snakeyaml:snakeyaml-engine:3.0.1=testCompileClasspath,testRuntimeClasspath
tools.jackson.core:jackson-core:3.1.5=testCompileClasspath,testRuntimeClasspath
tools.jackson.core:jackson-databind:3.1.5=testCompileClasspath,testRuntimeClasspath
tools.jackson.dataformat:jackson-dataformat-yaml:3.1.5=testCompileClasspath,testRuntimeClasspath
tools.jackson:jackson-bom:3.1.5=testCompileClasspath,testRuntimeClasspath
empty=annotationProcessor,implementationDependenciesMetadata,kotlinCompilerPluginClasspath,kotlinNativeCompilerPluginClasspath,kotlinScriptDefExtensions,shadow,testAnnotationProcessor,testImplementationDependenciesMetadata,testKotlinScriptDefExtensions
